
Microsoft Visual Studio Solution File, Format Version 12.00
# Visual Studio 15
VisualStudioVersion = 15.0.26124.0
MinimumVisualStudioVersion = 15.0.26124.0
Project("{9A19103F-16F7-4668-BE54-9A1E7A4F7556}") = "R5T.Southampton.Standard.Construction", "R5T.Southampton.Standard.Construction\R5T.Southampton.Standard.Construction.csproj", "{53FB78E8-2BF3-403E-BE05-BB13BC5E2F43}"
EndProject
Project("{9A19103F-16F7-4668-BE54-9A1E7A4F7556}") = "R5T.Southampton.Standard", "R5T.Southampton.Standard\R5T.Southampton.Standard.csproj", "{A05AF68E-0102-4794-8E55-D4E5F13F5055}"
EndProject
Project("{9A19103F-16F7-4668-BE54-9A1E7A4F7556}") = "R5T.Southampton.Standard.Testing", "R5T.Southampton.Standard.Testing\R5T.Southampton.Standard.Testing.csproj", "{C1F9E477-961F-456F-9623-305AFBA0518E}"
EndProject
Project("{2150E333-8FDC-42A3-9474-1A3956D46DE8}") = "_Dependencies", "_Dependencies", "{2F2F53C3-46E6-4F34-A24B-9A83591638B7}"
EndProject
Project("{9A19103F-16F7-4668-BE54-9A1E7A4F7556}") = "R5T.Southampton.Larissa.Standard", "..\..\R5T.Southampton.Larissa.Standard\source\R5T.Southampton.Larissa.Standard\R5T.Southampton.Larissa.Standard.csproj", "{0E8FAA1B-53CD-4F41-85BD-271DB60F99A3}"
EndProject
Project("{9A19103F-16F7-4668-BE54-9A1E7A4F7556}") = "R5T.Larissa.Standard", "..\..\R5T.Larissa.Standard\source\R5T.Larissa.Standard\R5T.Larissa.Standard.csproj", "{6367A7AA-6C5C-43EE-8313-9FA29B766D63}"
EndProject
Project("{9A19103F-16F7-4668-BE54-9A1E7A4F7556}") = "R5T.Caledonia.Default", "..\..\R5T.Caledonia.Default\source\R5T.Caledonia.Default\R5T.Caledonia.Default.csproj", "{D11C1580-9E88-4723-B759-D32922A741D5}"
EndProject
Project("{9A19103F-16F7-4668-BE54-9A1E7A4F7556}") = "R5T.Caledonia.Base", "..\..\R5T.Caledonia.Base\source\R5T.Caledonia.Base\R5T.Caledonia.Base.csproj", "{67465F16-E143-4CD7-B6DC-DEA011E33C12}"
EndProject
Project("{9A19103F-16F7-4668-BE54-9A1E7A4F7556}") = "R5T.Caledonia.Types", "..\..\R5T.Caledonia.Types\source\R5T.Caledonia.Types\R5T.Caledonia.Types.csproj", "{4ABC4763-FF3B-42E5-83ED-1273550EF959}"
EndProject
Project("{9A19103F-16F7-4668-BE54-9A1E7A4F7556}") = "R5T.Magyar", "..\..\R5T.Magyar\source\R5T.Magyar\R5T.Magyar.csproj", "{73FA77C0-348A-4D03-8F02-69F0A383EB38}"
EndProject
Project("{9A19103F-16F7-4668-BE54-9A1E7A4F7556}") = "R5T.Larissa.Configuration.Sardinia", "..\..\R5T.Larissa.Configuration.Sardinia\source\R5T.Larissa.Configuration.Sardinia\R5T.Larissa.Configuration.Sardinia.csproj", "{8D74CEDE-2343-47FA-B830-397283C30B4C}"
EndProject
Project("{9A19103F-16F7-4668-BE54-9A1E7A4F7556}") = "R5T.Larissa.Configuration", "..\..\R5T.Larissa.Configuration\source\R5T.Larissa.Configuration\R5T.Larissa.Configuration.csproj", "{7A6E14F7-A5F6-4E66-95FD-5558F4BDE19B}"
EndProject
Project("{9A19103F-16F7-4668-BE54-9A1E7A4F7556}") = "R5T.Sardinia", "..\..\R5T.Sardinia\source\R5T.Sardinia\R5T.Sardinia.csproj", "{2B4D86AC-D462-40B6-AD04-0CC6730557F1}"
EndProject
Project("{9A19103F-16F7-4668-BE54-9A1E7A4F7556}") = "R5T.Chamavia", "..\..\R5T.Chamavia\source\R5T.Chamavia\R5T.Chamavia.csproj", "{D60504E1-B85A-420D-9413-146557103FF3}"
EndProject
Project("{9A19103F-16F7-4668-BE54-9A1E7A4F7556}") = "R5T.Dacia", "..\..\R5T.Dacia\source\R5T.Dacia\R5T.Dacia.csproj", "{5E865FC9-9424-41A1-B030-DD74C995DAC7}"
EndProject
Project("{9A19103F-16F7-4668-BE54-9A1E7A4F7556}") = "R5T.Opatia", "..\..\R5T.Opatia\source\R5T.Opatia\R5T.Opatia.csproj", "{FC74EACF-84E1-4171-AE8B-9E2C509E4C7A}"
EndProject
Project("{9A19103F-16F7-4668-BE54-9A1E7A4F7556}") = "R5T.Larissa.Configuration.Suebia", "..\..\R5T.Larissa.Configuration.Suebia\source\R5T.Larissa.Configuration.Suebia\R5T.Larissa.Configuration.Suebia.csproj", "{A6B857F3-D6C1-48E2-ACC4-CC0A7DCF908B}"
EndProject
Project("{9A19103F-16F7-4668-BE54-9A1E7A4F7556}") = "R5T.Suebia.Extensions", "..\..\R5T.Suebia.Extensions\source\R5T.Suebia.Extensions\R5T.Suebia.Extensions.csproj", "{8A51D1F3-A742-4F65-94BD-BB031FAA0940}"
EndProject
Project("{9A19103F-16F7-4668-BE54-9A1E7A4F7556}") = "R5T.Suebia.Base", "..\..\R5T.Suebia.Base\source\R5T.Suebia.Base\R5T.Suebia.Base.csproj", "{38A66445-3831-4AA5-9460-75D3C69F0DCF}"
EndProject
Project("{9A19103F-16F7-4668-BE54-9A1E7A4F7556}") = "R5T.Larissa.Default", "..\..\R5T.Larissa.Default\source\R5T.Larissa.Default\R5T.Larissa.Default.csproj", "{394D40FF-E1E0-473C-86FB-A669933C167E}"
EndProject
Project("{9A19103F-16F7-4668-BE54-9A1E7A4F7556}") = "R5T.Larissa.Base", "..\..\R5T.Larissa.Base\source\R5T.Larissa.Base\R5T.Larissa.Base.csproj", "{D731B58D-C433-41E4-AF23-9890588FC678}"
EndProject
Project("{9A19103F-16F7-4668-BE54-9A1E7A4F7556}") = "R5T.Larissa.Commands", "..\..\R5T.Larissa.Commands\source\R5T.Larissa.Commands\R5T.Larissa.Commands.csproj", "{3536317A-B5B2-4C74-B464-308BB64AF4F1}"
EndProject
Project("{9A19103F-16F7-4668-BE54-9A1E7A4F7556}") = "R5T.Heraklion", "..\..\R5T.Heraklion\source\R5T.Heraklion\R5T.Heraklion.csproj", "{71D7E62F-719F-4603-9174-0232D027C8DB}"
EndProject
Project("{9A19103F-16F7-4668-BE54-9A1E7A4F7556}") = "R5T.Piraeus", "..\..\R5T.Piraeus\source\R5T.Piraeus\R5T.Piraeus.csproj", "{8B641254-473A-4249-BB65-55D4D62AC006}"
EndProject
Project("{9A19103F-16F7-4668-BE54-9A1E7A4F7556}") = "R5T.Volos", "..\..\R5T.Volos\source\R5T.Volos\R5T.Volos.csproj", "{CF7C1BC2-2941-453F-B2B8-61477F0C059C}"
EndProject
Project("{9A19103F-16F7-4668-BE54-9A1E7A4F7556}") = "R5T.Heraklion.Default", "..\..\R5T.Heraklion.Default\source\R5T.Heraklion.Default\R5T.Heraklion.Default.csproj", "{81585233-ED54-48FA-B417-02C9C326F316}"
EndProject
Project("{9A19103F-16F7-4668-BE54-9A1E7A4F7556}") = "R5T.Piraeus.StringBuilder", "..\..\R5T.Piraeus.StringBuilder\source\R5T.Piraeus.StringBuilder\R5T.Piraeus.StringBuilder.csproj", "{BBB0E637-E1B2-4F5E-8DD4-4C95A9BE30FF}"
EndProject
Project("{9A19103F-16F7-4668-BE54-9A1E7A4F7556}") = "R5T.Southampton.Larissa", "..\..\R5T.Southampton.Larissa\source\R5T.Southampton.Larissa\R5T.Southampton.Larissa.csproj", "{19783051-6DA0-479D-B410-444D6BDD9C89}"
EndProject
Project("{9A19103F-16F7-4668-BE54-9A1E7A4F7556}") = "R5T.Southampton.Base", "..\..\R5T.Southampton.Base\source\R5T.Southampton.Base\R5T.Southampton.Base.csproj", "{E2EA505A-4D3E-4C03-A93B-24CD82A605FD}"
EndProject
Global
	GlobalSection(SolutionConfigurationPlatforms) = preSolution
		Debug|Any CPU = Debug|Any CPU
		Debug|x64 = Debug|x64
		Debug|x86 = Debug|x86
		Release|Any CPU = Release|Any CPU
		Release|x64 = Release|x64
		Release|x86 = Release|x86
	EndGlobalSection
	GlobalSection(ProjectConfigurationPlatforms) = postSolution
		{53FB78E8-2BF3-403E-BE05-BB13BC5E2F43}.Debug|Any CPU.ActiveCfg = Debug|Any CPU
		{53FB78E8-2BF3-403E-BE05-BB13BC5E2F43}.Debug|Any CPU.Build.0 = Debug|Any CPU
		{53FB78E8-2BF3-403E-BE05-BB13BC5E2F43}.Debug|x64.ActiveCfg = Debug|Any CPU
		{53FB78E8-2BF3-403E-BE05-BB13BC5E2F43}.Debug|x64.Build.0 = Debug|Any CPU
		{53FB78E8-2BF3-403E-BE05-BB13BC5E2F43}.Debug|x86.ActiveCfg = Debug|Any CPU
		{53FB78E8-2BF3-403E-BE05-BB13BC5E2F43}.Debug|x86.Build.0 = Debug|Any CPU
		{53FB78E8-2BF3-403E-BE05-BB13BC5E2F43}.Release|Any CPU.ActiveCfg = Release|Any CPU
		{53FB78E8-2BF3-403E-BE05-BB13BC5E2F43}.Release|Any CPU.Build.0 = Release|Any CPU
		{53FB78E8-2BF3-403E-BE05-BB13BC5E2F43}.Release|x64.ActiveCfg = Release|Any CPU
		{53FB78E8-2BF3-403E-BE05-BB13BC5E2F43}.Release|x64.Build.0 = Release|Any CPU
		{53FB78E8-2BF3-403E-BE05-BB13BC5E2F43}.Release|x86.ActiveCfg = Release|Any CPU
		{53FB78E8-2BF3-403E-BE05-BB13BC5E2F43}.Release|x86.Build.0 = Release|Any CPU
		{A05AF68E-0102-4794-8E55-D4E5F13F5055}.Debug|Any CPU.ActiveCfg = Debug|Any CPU
		{A05AF68E-0102-4794-8E55-D4E5F13F5055}.Debug|Any CPU.Build.0 = Debug|Any CPU
		{A05AF68E-0102-4794-8E55-D4E5F13F5055}.Debug|x64.ActiveCfg = Debug|Any CPU
		{A05AF68E-0102-4794-8E55-D4E5F13F5055}.Debug|x64.Build.0 = Debug|Any CPU
		{A05AF68E-0102-4794-8E55-D4E5F13F5055}.Debug|x86.ActiveCfg = Debug|Any CPU
		{A05AF68E-0102-4794-8E55-D4E5F13F5055}.Debug|x86.Build.0 = Debug|Any CPU
		{A05AF68E-0102-4794-8E55-D4E5F13F5055}.Release|Any CPU.ActiveCfg = Release|Any CPU
		{A05AF68E-0102-4794-8E55-D4E5F13F5055}.Release|Any CPU.Build.0 = Release|Any CPU
		{A05AF68E-0102-4794-8E55-D4E5F13F5055}.Release|x64.ActiveCfg = Release|Any CPU
		{A05AF68E-0102-4794-8E55-D4E5F13F5055}.Release|x64.Build.0 = Release|Any CPU
		{A05AF68E-0102-4794-8E55-D4E5F13F5055}.Release|x86.ActiveCfg = Release|Any CPU
		{A05AF68E-0102-4794-8E55-D4E5F13F5055}.Release|x86.Build.0 = Release|Any CPU
		{C1F9E477-961F-456F-9623-305AFBA0518E}.Debug|Any CPU.ActiveCfg = Debug|Any CPU
		{C1F9E477-961F-456F-9623-305AFBA0518E}.Debug|Any CPU.Build.0 = Debug|Any CPU
		{C1F9E477-961F-456F-9623-305AFBA0518E}.Debug|x64.ActiveCfg = Debug|Any CPU
		{C1F9E477-961F-456F-9623-305AFBA0518E}.Debug|x64.Build.0 = Debug|Any CPU
		{C1F9E477-961F-456F-9623-305AFBA0518E}.Debug|x86.ActiveCfg = Debug|Any CPU
		{C1F9E477-961F-456F-9623-305AFBA0518E}.Debug|x86.Build.0 = Debug|Any CPU
		{C1F9E477-961F-456F-9623-305AFBA0518E}.Release|Any CPU.ActiveCfg = Release|Any CPU
		{C1F9E477-961F-456F-9623-305AFBA0518E}.Release|Any CPU.Build.0 = Release|Any CPU
		{C1F9E477-961F-456F-9623-305AFBA0518E}.Release|x64.ActiveCfg = Release|Any CPU
		{C1F9E477-961F-456F-9623-305AFBA0518E}.Release|x64.Build.0 = Release|Any CPU
		{C1F9E477-961F-456F-9623-305AFBA0518E}.Release|x86.ActiveCfg = Release|Any CPU
		{C1F9E477-961F-456F-9623-305AFBA0518E}.Release|x86.Build.0 = Release|Any CPU
		{0E8FAA1B-53CD-4F41-85BD-271DB60F99A3}.Debug|Any CPU.ActiveCfg = Debug|Any CPU
		{0E8FAA1B-53CD-4F41-85BD-271DB60F99A3}.Debug|Any CPU.Build.0 = Debug|Any CPU
		{0E8FAA1B-53CD-4F41-85BD-271DB60F99A3}.Debug|x64.ActiveCfg = Debug|Any CPU
		{0E8FAA1B-53CD-4F41-85BD-271DB60F99A3}.Debug|x64.Build.0 = Debug|Any CPU
		{0E8FAA1B-53CD-4F41-85BD-271DB60F99A3}.Debug|x86.ActiveCfg = Debug|Any CPU
		{0E8FAA1B-53CD-4F41-85BD-271DB60F99A3}.Debug|x86.Build.0 = Debug|Any CPU
		{0E8FAA1B-53CD-4F41-85BD-271DB60F99A3}.Release|Any CPU.ActiveCfg = Release|Any CPU
		{0E8FAA1B-53CD-4F41-85BD-271DB60F99A3}.Release|Any CPU.Build.0 = Release|Any CPU
		{0E8FAA1B-53CD-4F41-85BD-271DB60F99A3}.Release|x64.ActiveCfg = Release|Any CPU
		{0E8FAA1B-53CD-4F41-85BD-271DB60F99A3}.Release|x64.Build.0 = Release|Any CPU
		{0E8FAA1B-53CD-4F41-85BD-271DB60F99A3}.Release|x86.ActiveCfg = Release|Any CPU
		{0E8FAA1B-53CD-4F41-85BD-271DB60F99A3}.Release|x86.Build.0 = Release|Any CPU
		{6367A7AA-6C5C-43EE-8313-9FA29B766D63}.Debug|Any CPU.ActiveCfg = Debug|Any CPU
		{6367A7AA-6C5C-43EE-8313-9FA29B766D63}.Debug|Any CPU.Build.0 = Debug|Any CPU
		{6367A7AA-6C5C-43EE-8313-9FA29B766D63}.Debug|x64.ActiveCfg = Debug|Any CPU
		{6367A7AA-6C5C-43EE-8313-9FA29B766D63}.Debug|x64.Build.0 = Debug|Any CPU
		{6367A7AA-6C5C-43EE-8313-9FA29B766D63}.Debug|x86.ActiveCfg = Debug|Any CPU
		{6367A7AA-6C5C-43EE-8313-9FA29B766D63}.Debug|x86.Build.0 = Debug|Any CPU
		{6367A7AA-6C5C-43EE-8313-9FA29B766D63}.Release|Any CPU.ActiveCfg = Release|Any CPU
		{6367A7AA-6C5C-43EE-8313-9FA29B766D63}.Release|Any CPU.Build.0 = Release|Any CPU
		{6367A7AA-6C5C-43EE-8313-9FA29B766D63}.Release|x64.ActiveCfg = Release|Any CPU
		{6367A7AA-6C5C-43EE-8313-9FA29B766D63}.Release|x64.Build.0 = Release|Any CPU
		{6367A7AA-6C5C-43EE-8313-9FA29B766D63}.Release|x86.ActiveCfg = Release|Any CPU
		{6367A7AA-6C5C-43EE-8313-9FA29B766D63}.Release|x86.Build.0 = Release|Any CPU
		{D11C1580-9E88-4723-B759-D32922A741D5}.Debug|Any CPU.ActiveCfg = Debug|Any CPU
		{D11C1580-9E88-4723-B759-D32922A741D5}.Debug|Any CPU.Build.0 = Debug|Any CPU
		{D11C1580-9E88-4723-B759-D32922A741D5}.Debug|x64.ActiveCfg = Debug|Any CPU
		{D11C1580-9E88-4723-B759-D32922A741D5}.Debug|x64.Build.0 = Debug|Any CPU
		{D11C1580-9E88-4723-B759-D32922A741D5}.Debug|x86.ActiveCfg = Debug|Any CPU
		{D11C1580-9E88-4723-B759-D32922A741D5}.Debug|x86.Build.0 = Debug|Any CPU
		{D11C1580-9E88-4723-B759-D32922A741D5}.Release|Any CPU.ActiveCfg = Release|Any CPU
		{D11C1580-9E88-4723-B759-D32922A741D5}.Release|Any CPU.Build.0 = Release|Any CPU
		{D11C1580-9E88-4723-B759-D32922A741D5}.Release|x64.ActiveCfg = Release|Any CPU
		{D11C1580-9E88-4723-B759-D32922A741D5}.Release|x64.Build.0 = Release|Any CPU
		{D11C1580-9E88-4723-B759-D32922A741D5}.Release|x86.ActiveCfg = Release|Any CPU
		{D11C1580-9E88-4723-B759-D32922A741D5}.Release|x86.Build.0 = Release|Any CPU
		{67465F16-E143-4CD7-B6DC-DEA011E33C12}.Debug|Any CPU.ActiveCfg = Debug|Any CPU
		{67465F16-E143-4CD7-B6DC-DEA011E33C12}.Debug|Any CPU.Build.0 = Debug|Any CPU
		{67465F16-E143-4CD7-B6DC-DEA011E33C12}.Debug|x64.ActiveCfg = Debug|Any CPU
		{67465F16-E143-4CD7-B6DC-DEA011E33C12}.Debug|x64.Build.0 = Debug|Any CPU
		{67465F16-E143-4CD7-B6DC-DEA011E33C12}.Debug|x86.ActiveCfg = Debug|Any CPU
		{67465F16-E143-4CD7-B6DC-DEA011E33C12}.Debug|x86.Build.0 = Debug|Any CPU
		{67465F16-E143-4CD7-B6DC-DEA011E33C12}.Release|Any CPU.ActiveCfg = Release|Any CPU
		{67465F16-E143-4CD7-B6DC-DEA011E33C12}.Release|Any CPU.Build.0 = Release|Any CPU
		{67465F16-E143-4CD7-B6DC-DEA011E33C12}.Release|x64.ActiveCfg = Release|Any CPU
		{67465F16-E143-4CD7-B6DC-DEA011E33C12}.Release|x64.Build.0 = Release|Any CPU
		{67465F16-E143-4CD7-B6DC-DEA011E33C12}.Release|x86.ActiveCfg = Release|Any CPU
		{67465F16-E143-4CD7-B6DC-DEA011E33C12}.Release|x86.Build.0 = Release|Any CPU
		{4ABC4763-FF3B-42E5-83ED-1273550EF959}.Debug|Any CPU.ActiveCfg = Debug|Any CPU
		{4ABC4763-FF3B-42E5-83ED-1273550EF959}.Debug|Any CPU.Build.0 = Debug|Any CPU
		{4ABC4763-FF3B-42E5-83ED-1273550EF959}.Debug|x64.ActiveCfg = Debug|Any CPU
		{4ABC4763-FF3B-42E5-83ED-1273550EF959}.Debug|x64.Build.0 = Debug|Any CPU
		{4ABC4763-FF3B-42E5-83ED-1273550EF959}.Debug|x86.ActiveCfg = Debug|Any CPU
		{4ABC4763-FF3B-42E5-83ED-1273550EF959}.Debug|x86.Build.0 = Debug|Any CPU
		{4ABC4763-FF3B-42E5-83ED-1273550EF959}.Release|Any CPU.ActiveCfg = Release|Any CPU
		{4ABC4763-FF3B-42E5-83ED-1273550EF959}.Release|Any CPU.Build.0 = Release|Any CPU
		{4ABC4763-FF3B-42E5-83ED-1273550EF959}.Release|x64.ActiveCfg = Release|Any CPU
		{4ABC4763-FF3B-42E5-83ED-1273550EF959}.Release|x64.Build.0 = Release|Any CPU
		{4ABC4763-FF3B-42E5-83ED-1273550EF959}.Release|x86.ActiveCfg = Release|Any CPU
		{4ABC4763-FF3B-42E5-83ED-1273550EF959}.Release|x86.Build.0 = Release|Any CPU
		{73FA77C0-348A-4D03-8F02-69F0A383EB38}.Debug|Any CPU.ActiveCfg = Debug|Any CPU
		{73FA77C0-348A-4D03-8F02-69F0A383EB38}.Debug|Any CPU.Build.0 = Debug|Any CPU
		{73FA77C0-348A-4D03-8F02-69F0A383EB38}.Debug|x64.ActiveCfg = Debug|Any CPU
		{73FA77C0-348A-4D03-8F02-69F0A383EB38}.Debug|x64.Build.0 = Debug|Any CPU
		{73FA77C0-348A-4D03-8F02-69F0A383EB38}.Debug|x86.ActiveCfg = Debug|Any CPU
		{73FA77C0-348A-4D03-8F02-69F0A383EB38}.Debug|x86.Build.0 = Debug|Any CPU
		{73FA77C0-348A-4D03-8F02-69F0A383EB38}.Release|Any CPU.ActiveCfg = Release|Any CPU
		{73FA77C0-348A-4D03-8F02-69F0A383EB38}.Release|Any CPU.Build.0 = Release|Any CPU
		{73FA77C0-348A-4D03-8F02-69F0A383EB38}.Release|x64.ActiveCfg = Release|Any CPU
		{73FA77C0-348A-4D03-8F02-69F0A383EB38}.Release|x64.Build.0 = Release|Any CPU
		{73FA77C0-348A-4D03-8F02-69F0A383EB38}.Release|x86.ActiveCfg = Release|Any CPU
		{73FA77C0-348A-4D03-8F02-69F0A383EB38}.Release|x86.Build.0 = Release|Any CPU
		{8D74CEDE-2343-47FA-B830-397283C30B4C}.Debug|Any CPU.ActiveCfg = Debug|Any CPU
		{8D74CEDE-2343-47FA-B830-397283C30B4C}.Debug|Any CPU.Build.0 = Debug|Any CPU
		{8D74CEDE-2343-47FA-B830-397283C30B4C}.Debug|x64.ActiveCfg = Debug|Any CPU
		{8D74CEDE-2343-47FA-B830-397283C30B4C}.Debug|x64.Build.0 = Debug|Any CPU
		{8D74CEDE-2343-47FA-B830-397283C30B4C}.Debug|x86.ActiveCfg = Debug|Any CPU
		{8D74CEDE-2343-47FA-B830-397283C30B4C}.Debug|x86.Build.0 = Debug|Any CPU
		{8D74CEDE-2343-47FA-B830-397283C30B4C}.Release|Any CPU.ActiveCfg = Release|Any CPU
		{8D74CEDE-2343-47FA-B830-397283C30B4C}.Release|Any CPU.Build.0 = Release|Any CPU
		{8D74CEDE-2343-47FA-B830-397283C30B4C}.Release|x64.ActiveCfg = Release|Any CPU
		{8D74CEDE-2343-47FA-B830-397283C30B4C}.Release|x64.Build.0 = Release|Any CPU
		{8D74CEDE-2343-47FA-B830-397283C30B4C}.Release|x86.ActiveCfg = Release|Any CPU
		{8D74CEDE-2343-47FA-B830-397283C30B4C}.Release|x86.Build.0 = Release|Any CPU
		{7A6E14F7-A5F6-4E66-95FD-5558F4BDE19B}.Debug|Any CPU.ActiveCfg = Debug|Any CPU
		{7A6E14F7-A5F6-4E66-95FD-5558F4BDE19B}.Debug|Any CPU.Build.0 = Debug|Any CPU
		{7A6E14F7-A5F6-4E66-95FD-5558F4BDE19B}.Debug|x64.ActiveCfg = Debug|Any CPU
		{7A6E14F7-A5F6-4E66-95FD-5558F4BDE19B}.Debug|x64.Build.0 = Debug|Any CPU
		{7A6E14F7-A5F6-4E66-95FD-5558F4BDE19B}.Debug|x86.ActiveCfg = Debug|Any CPU
		{7A6E14F7-A5F6-4E66-95FD-5558F4BDE19B}.Debug|x86.Build.0 = Debug|Any CPU
		{7A6E14F7-A5F6-4E66-95FD-5558F4BDE19B}.Release|Any CPU.ActiveCfg = Release|Any CPU
		{7A6E14F7-A5F6-4E66-95FD-5558F4BDE19B}.Release|Any CPU.Build.0 = Release|Any CPU
		{7A6E14F7-A5F6-4E66-95FD-5558F4BDE19B}.Release|x64.ActiveCfg = Release|Any CPU
		{7A6E14F7-A5F6-4E66-95FD-5558F4BDE19B}.Release|x64.Build.0 = Release|Any CPU
		{7A6E14F7-A5F6-4E66-95FD-5558F4BDE19B}.Release|x86.ActiveCfg = Release|Any CPU
		{7A6E14F7-A5F6-4E66-95FD-5558F4BDE19B}.Release|x86.Build.0 = Release|Any CPU
		{2B4D86AC-D462-40B6-AD04-0CC6730557F1}.Debug|Any CPU.ActiveCfg = Debug|Any CPU
		{2B4D86AC-D462-40B6-AD04-0CC6730557F1}.Debug|Any CPU.Build.0 = Debug|Any CPU
		{2B4D86AC-D462-40B6-AD04-0CC6730557F1}.Debug|x64.ActiveCfg = Debug|Any CPU
		{2B4D86AC-D462-40B6-AD04-0CC6730557F1}.Debug|x64.Build.0 = Debug|Any CPU
		{2B4D86AC-D462-40B6-AD04-0CC6730557F1}.Debug|x86.ActiveCfg = Debug|Any CPU
		{2B4D86AC-D462-40B6-AD04-0CC6730557F1}.Debug|x86.Build.0 = Debug|Any CPU
		{2B4D86AC-D462-40B6-AD04-0CC6730557F1}.Release|Any CPU.ActiveCfg = Release|Any CPU
		{2B4D86AC-D462-40B6-AD04-0CC6730557F1}.Release|Any CPU.Build.0 = Release|Any CPU
		{2B4D86AC-D462-40B6-AD04-0CC6730557F1}.Release|x64.ActiveCfg = Release|Any CPU
		{2B4D86AC-D462-40B6-AD04-0CC6730557F1}.Release|x64.Build.0 = Release|Any CPU
		{2B4D86AC-D462-40B6-AD04-0CC6730557F1}.Release|x86.ActiveCfg = Release|Any CPU
		{2B4D86AC-D462-40B6-AD04-0CC6730557F1}.Release|x86.Build.0 = Release|Any CPU
		{D60504E1-B85A-420D-9413-146557103FF3}.Debug|Any CPU.ActiveCfg = Debug|Any CPU
		{D60504E1-B85A-420D-9413-146557103FF3}.Debug|Any CPU.Build.0 = Debug|Any CPU
		{D60504E1-B85A-420D-9413-146557103FF3}.Debug|x64.ActiveCfg = Debug|Any CPU
		{D60504E1-B85A-420D-9413-146557103FF3}.Debug|x64.Build.0 = Debug|Any CPU
		{D60504E1-B85A-420D-9413-146557103FF3}.Debug|x86.ActiveCfg = Debug|Any CPU
		{D60504E1-B85A-420D-9413-146557103FF3}.Debug|x86.Build.0 = Debug|Any CPU
		{D60504E1-B85A-420D-9413-146557103FF3}.Release|Any CPU.ActiveCfg = Release|Any CPU
		{D60504E1-B85A-420D-9413-146557103FF3}.Release|Any CPU.Build.0 = Release|Any CPU
		{D60504E1-B85A-420D-9413-146557103FF3}.Release|x64.ActiveCfg = Release|Any CPU
		{D60504E1-B85A-420D-9413-146557103FF3}.Release|x64.Build.0 = Release|Any CPU
		{D60504E1-B85A-420D-9413-146557103FF3}.Release|x86.ActiveCfg = Release|Any CPU
		{D60504E1-B85A-420D-9413-146557103FF3}.Release|x86.Build.0 = Release|Any CPU
		{5E865FC9-9424-41A1-B030-DD74C995DAC7}.Debug|Any CPU.ActiveCfg = Debug|Any CPU
		{5E865FC9-9424-41A1-B030-DD74C995DAC7}.Debug|Any CPU.Build.0 = Debug|Any CPU
		{5E865FC9-9424-41A1-B030-DD74C995DAC7}.Debug|x64.ActiveCfg = Debug|Any CPU
		{5E865FC9-9424-41A1-B030-DD74C995DAC7}.Debug|x64.Build.0 = Debug|Any CPU
		{5E865FC9-9424-41A1-B030-DD74C995DAC7}.Debug|x86.ActiveCfg = Debug|Any CPU
		{5E865FC9-9424-41A1-B030-DD74C995DAC7}.Debug|x86.Build.0 = Debug|Any CPU
		{5E865FC9-9424-41A1-B030-DD74C995DAC7}.Release|Any CPU.ActiveCfg = Release|Any CPU
		{5E865FC9-9424-41A1-B030-DD74C995DAC7}.Release|Any CPU.Build.0 = Release|Any CPU
		{5E865FC9-9424-41A1-B030-DD74C995DAC7}.Release|x64.ActiveCfg = Release|Any CPU
		{5E865FC9-9424-41A1-B030-DD74C995DAC7}.Release|x64.Build.0 = Release|Any CPU
		{5E865FC9-9424-41A1-B030-DD74C995DAC7}.Release|x86.ActiveCfg = Release|Any CPU
		{5E865FC9-9424-41A1-B030-DD74C995DAC7}.Release|x86.Build.0 = Release|Any CPU
		{FC74EACF-84E1-4171-AE8B-9E2C509E4C7A}.Debug|Any CPU.ActiveCfg = Debug|Any CPU
		{FC74EACF-84E1-4171-AE8B-9E2C509E4C7A}.Debug|Any CPU.Build.0 = Debug|Any CPU
		{FC74EACF-84E1-4171-AE8B-9E2C509E4C7A}.Debug|x64.ActiveCfg = Debug|Any CPU
		{FC74EACF-84E1-4171-AE8B-9E2C509E4C7A}.Debug|x64.Build.0 = Debug|Any CPU
		{FC74EACF-84E1-4171-AE8B-9E2C509E4C7A}.Debug|x86.ActiveCfg = Debug|Any CPU
		{FC74EACF-84E1-4171-AE8B-9E2C509E4C7A}.Debug|x86.Build.0 = Debug|Any CPU
		{FC74EACF-84E1-4171-AE8B-9E2C509E4C7A}.Release|Any CPU.ActiveCfg = Release|Any CPU
		{FC74EACF-84E1-4171-AE8B-9E2C509E4C7A}.Release|Any CPU.Build.0 = Release|Any CPU
		{FC74EACF-84E1-4171-AE8B-9E2C509E4C7A}.Release|x64.ActiveCfg = Release|Any CPU
		{FC74EACF-84E1-4171-AE8B-9E2C509E4C7A}.Release|x64.Build.0 = Release|Any CPU
		{FC74EACF-84E1-4171-AE8B-9E2C509E4C7A}.Release|x86.ActiveCfg = Release|Any CPU
		{FC74EACF-84E1-4171-AE8B-9E2C509E4C7A}.Release|x86.Build.0 = Release|Any CPU
		{A6B857F3-D6C1-48E2-ACC4-CC0A7DCF908B}.Debug|Any CPU.ActiveCfg = Debug|Any CPU
		{A6B857F3-D6C1-48E2-ACC4-CC0A7DCF908B}.Debug|Any CPU.Build.0 = Debug|Any CPU
		{A6B857F3-D6C1-48E2-ACC4-CC0A7DCF908B}.Debug|x64.ActiveCfg = Debug|Any CPU
		{A6B857F3-D6C1-48E2-ACC4-CC0A7DCF908B}.Debug|x64.Build.0 = Debug|Any CPU
		{A6B857F3-D6C1-48E2-ACC4-CC0A7DCF908B}.Debug|x86.ActiveCfg = Debug|Any CPU
		{A6B857F3-D6C1-48E2-ACC4-CC0A7DCF908B}.Debug|x86.Build.0 = Debug|Any CPU
		{A6B857F3-D6C1-48E2-ACC4-CC0A7DCF908B}.Release|Any CPU.ActiveCfg = Release|Any CPU
		{A6B857F3-D6C1-48E2-ACC4-CC0A7DCF908B}.Release|Any CPU.Build.0 = Release|Any CPU
		{A6B857F3-D6C1-48E2-ACC4-CC0A7DCF908B}.Release|x64.ActiveCfg = Release|Any CPU
		{A6B857F3-D6C1-48E2-ACC4-CC0A7DCF908B}.Release|x64.Build.0 = Release|Any CPU
		{A6B857F3-D6C1-48E2-ACC4-CC0A7DCF908B}.Release|x86.ActiveCfg = Release|Any CPU
		{A6B857F3-D6C1-48E2-ACC4-CC0A7DCF908B}.Release|x86.Build.0 = Release|Any CPU
		{8A51D1F3-A742-4F65-94BD-BB031FAA0940}.Debug|Any CPU.ActiveCfg = Debug|Any CPU
		{8A51D1F3-A742-4F65-94BD-BB031FAA0940}.Debug|Any CPU.Build.0 = Debug|Any CPU
		{8A51D1F3-A742-4F65-94BD-BB031FAA0940}.Debug|x64.ActiveCfg = Debug|Any CPU
		{8A51D1F3-A742-4F65-94BD-BB031FAA0940}.Debug|x64.Build.0 = Debug|Any CPU
		{8A51D1F3-A742-4F65-94BD-BB031FAA0940}.Debug|x86.ActiveCfg = Debug|Any CPU
		{8A51D1F3-A742-4F65-94BD-BB031FAA0940}.Debug|x86.Build.0 = Debug|Any CPU
		{8A51D1F3-A742-4F65-94BD-BB031FAA0940}.Release|Any CPU.ActiveCfg = Release|Any CPU
		{8A51D1F3-A742-4F65-94BD-BB031FAA0940}.Release|Any CPU.Build.0 = Release|Any CPU
		{8A51D1F3-A742-4F65-94BD-BB031FAA0940}.Release|x64.ActiveCfg = Release|Any CPU
		{8A51D1F3-A742-4F65-94BD-BB031FAA0940}.Release|x64.Build.0 = Release|Any CPU
		{8A51D1F3-A742-4F65-94BD-BB031FAA0940}.Release|x86.ActiveCfg = Release|Any CPU
		{8A51D1F3-A742-4F65-94BD-BB031FAA0940}.Release|x86.Build.0 = Release|Any CPU
		{38A66445-3831-4AA5-9460-75D3C69F0DCF}.Debug|Any CPU.ActiveCfg = Debug|Any CPU
		{38A66445-3831-4AA5-9460-75D3C69F0DCF}.Debug|Any CPU.Build.0 = Debug|Any CPU
		{38A66445-3831-4AA5-9460-75D3C69F0DCF}.Debug|x64.ActiveCfg = Debug|Any CPU
		{38A66445-3831-4AA5-9460-75D3C69F0DCF}.Debug|x64.Build.0 = Debug|Any CPU
		{38A66445-3831-4AA5-9460-75D3C69F0DCF}.Debug|x86.ActiveCfg = Debug|Any CPU
		{38A66445-3831-4AA5-9460-75D3C69F0DCF}.Debug|x86.Build.0 = Debug|Any CPU
		{38A66445-3831-4AA5-9460-75D3C69F0DCF}.Release|Any CPU.ActiveCfg = Release|Any CPU
		{38A66445-3831-4AA5-9460-75D3C69F0DCF}.Release|Any CPU.Build.0 = Release|Any CPU
		{38A66445-3831-4AA5-9460-75D3C69F0DCF}.Release|x64.ActiveCfg = Release|Any CPU
		{38A66445-3831-4AA5-9460-75D3C69F0DCF}.Release|x64.Build.0 = Release|Any CPU
		{38A66445-3831-4AA5-9460-75D3C69F0DCF}.Release|x86.ActiveCfg = Release|Any CPU
		{38A66445-3831-4AA5-9460-75D3C69F0DCF}.Release|x86.Build.0 = Release|Any CPU
		{394D40FF-E1E0-473C-86FB-A669933C167E}.Debug|Any CPU.ActiveCfg = Debug|Any CPU
		{394D40FF-E1E0-473C-86FB-A669933C167E}.Debug|Any CPU.Build.0 = Debug|Any CPU
		{394D40FF-E1E0-473C-86FB-A669933C167E}.Debug|x64.ActiveCfg = Debug|Any CPU
		{394D40FF-E1E0-473C-86FB-A669933C167E}.Debug|x64.Build.0 = Debug|Any CPU
		{394D40FF-E1E0-473C-86FB-A669933C167E}.Debug|x86.ActiveCfg = Debug|Any CPU
		{394D40FF-E1E0-473C-86FB-A669933C167E}.Debug|x86.Build.0 = Debug|Any CPU
		{394D40FF-E1E0-473C-86FB-A669933C167E}.Release|Any CPU.ActiveCfg = Release|Any CPU
		{394D40FF-E1E0-473C-86FB-A669933C167E}.Release|Any CPU.Build.0 = Release|Any CPU
		{394D40FF-E1E0-473C-86FB-A669933C167E}.Release|x64.ActiveCfg = Release|Any CPU
		{394D40FF-E1E0-473C-86FB-A669933C167E}.Release|x64.Build.0 = Release|Any CPU
		{394D40FF-E1E0-473C-86FB-A669933C167E}.Release|x86.ActiveCfg = Release|Any CPU
		{394D40FF-E1E0-473C-86FB-A669933C167E}.Release|x86.Build.0 = Release|Any CPU
		{D731B58D-C433-41E4-AF23-9890588FC678}.Debug|Any CPU.ActiveCfg = Debug|Any CPU
		{D731B58D-C433-41E4-AF23-9890588FC678}.Debug|Any CPU.Build.0 = Debug|Any CPU
		{D731B58D-C433-41E4-AF23-9890588FC678}.Debug|x64.ActiveCfg = Debug|Any CPU
		{D731B58D-C433-41E4-AF23-9890588FC678}.Debug|x64.Build.0 = Debug|Any CPU
		{D731B58D-C433-41E4-AF23-9890588FC678}.Debug|x86.ActiveCfg = Debug|Any CPU
		{D731B58D-C433-41E4-AF23-9890588FC678}.Debug|x86.Build.0 = Debug|Any CPU
		{D731B58D-C433-41E4-AF23-9890588FC678}.Release|Any CPU.ActiveCfg = Release|Any CPU
		{D731B58D-C433-41E4-AF23-9890588FC678}.Release|Any CPU.Build.0 = Release|Any CPU
		{D731B58D-C433-41E4-AF23-9890588FC678}.Release|x64.ActiveCfg = Release|Any CPU
		{D731B58D-C433-41E4-AF23-9890588FC678}.Release|x64.Build.0 = Release|Any CPU
		{D731B58D-C433-41E4-AF23-9890588FC678}.Release|x86.ActiveCfg = Release|Any CPU
		{D731B58D-C433-41E4-AF23-9890588FC678}.Release|x86.Build.0 = Release|Any CPU
		{3536317A-B5B2-4C74-B464-308BB64AF4F1}.Debug|Any CPU.ActiveCfg = Debug|Any CPU
		{3536317A-B5B2-4C74-B464-308BB64AF4F1}.Debug|Any CPU.Build.0 = Debug|Any CPU
		{3536317A-B5B2-4C74-B464-308BB64AF4F1}.Debug|x64.ActiveCfg = Debug|Any CPU
		{3536317A-B5B2-4C74-B464-308BB64AF4F1}.Debug|x64.Build.0 = Debug|Any CPU
		{3536317A-B5B2-4C74-B464-308BB64AF4F1}.Debug|x86.ActiveCfg = Debug|Any CPU
		{3536317A-B5B2-4C74-B464-308BB64AF4F1}.Debug|x86.Build.0 = Debug|Any CPU
		{3536317A-B5B2-4C74-B464-308BB64AF4F1}.Release|Any CPU.ActiveCfg = Release|Any CPU
		{3536317A-B5B2-4C74-B464-308BB64AF4F1}.Release|Any CPU.Build.0 = Release|Any CPU
		{3536317A-B5B2-4C74-B464-308BB64AF4F1}.Release|x64.ActiveCfg = Release|Any CPU
		{3536317A-B5B2-4C74-B464-308BB64AF4F1}.Release|x64.Build.0 = Release|Any CPU
		{3536317A-B5B2-4C74-B464-308BB64AF4F1}.Release|x86.ActiveCfg = Release|Any CPU
		{3536317A-B5B2-4C74-B464-308BB64AF4F1}.Release|x86.Build.0 = Release|Any CPU
		{71D7E62F-719F-4603-9174-0232D027C8DB}.Debug|Any CPU.ActiveCfg = Debug|Any CPU
		{71D7E62F-719F-4603-9174-0232D027C8DB}.Debug|Any CPU.Build.0 = Debug|Any CPU
		{71D7E62F-719F-4603-9174-0232D027C8DB}.Debug|x64.ActiveCfg = Debug|Any CPU
		{71D7E62F-719F-4603-9174-0232D027C8DB}.Debug|x64.Build.0 = Debug|Any CPU
		{71D7E62F-719F-4603-9174-0232D027C8DB}.Debug|x86.ActiveCfg = Debug|Any CPU
		{71D7E62F-719F-4603-9174-0232D027C8DB}.Debug|x86.Build.0 = Debug|Any CPU
		{71D7E62F-719F-4603-9174-0232D027C8DB}.Release|Any CPU.ActiveCfg = Release|Any CPU
		{71D7E62F-719F-4603-9174-0232D027C8DB}.Release|Any CPU.Build.0 = Release|Any CPU
		{71D7E62F-719F-4603-9174-0232D027C8DB}.Release|x64.ActiveCfg = Release|Any CPU
		{71D7E62F-719F-4603-9174-0232D027C8DB}.Release|x64.Build.0 = Release|Any CPU
		{71D7E62F-719F-4603-9174-0232D027C8DB}.Release|x86.ActiveCfg = Release|Any CPU
		{71D7E62F-719F-4603-9174-0232D027C8DB}.Release|x86.Build.0 = Release|Any CPU
		{8B641254-473A-4249-BB65-55D4D62AC006}.Debug|Any CPU.ActiveCfg = Debug|Any CPU
		{8B641254-473A-4249-BB65-55D4D62AC006}.Debug|Any CPU.Build.0 = Debug|Any CPU
		{8B641254-473A-4249-BB65-55D4D62AC006}.Debug|x64.ActiveCfg = Debug|Any CPU
		{8B641254-473A-4249-BB65-55D4D62AC006}.Debug|x64.Build.0 = Debug|Any CPU
		{8B641254-473A-4249-BB65-55D4D62AC006}.Debug|x86.ActiveCfg = Debug|Any CPU
		{8B641254-473A-4249-BB65-55D4D62AC006}.Debug|x86.Build.0 = Debug|Any CPU
		{8B641254-473A-4249-BB65-55D4D62AC006}.Release|Any CPU.ActiveCfg = Release|Any CPU
		{8B641254-473A-4249-BB65-55D4D62AC006}.Release|Any CPU.Build.0 = Release|Any CPU
		{8B641254-473A-4249-BB65-55D4D62AC006}.Release|x64.ActiveCfg = Release|Any CPU
		{8B641254-473A-4249-BB65-55D4D62AC006}.Release|x64.Build.0 = Release|Any CPU
		{8B641254-473A-4249-BB65-55D4D62AC006}.Release|x86.ActiveCfg = Release|Any CPU
		{8B641254-473A-4249-BB65-55D4D62AC006}.Release|x86.Build.0 = Release|Any CPU
		{CF7C1BC2-2941-453F-B2B8-61477F0C059C}.Debug|Any CPU.ActiveCfg = Debug|Any CPU
		{CF7C1BC2-2941-453F-B2B8-61477F0C059C}.Debug|Any CPU.Build.0 = Debug|Any CPU
		{CF7C1BC2-2941-453F-B2B8-61477F0C059C}.Debug|x64.ActiveCfg = Debug|Any CPU
		{CF7C1BC2-2941-453F-B2B8-61477F0C059C}.Debug|x64.Build.0 = Debug|Any CPU
		{CF7C1BC2-2941-453F-B2B8-61477F0C059C}.Debug|x86.ActiveCfg = Debug|Any CPU
		{CF7C1BC2-2941-453F-B2B8-61477F0C059C}.Debug|x86.Build.0 = Debug|Any CPU
		{CF7C1BC2-2941-453F-B2B8-61477F0C059C}.Release|Any CPU.ActiveCfg = Release|Any CPU
		{CF7C1BC2-2941-453F-B2B8-61477F0C059C}.Release|Any CPU.Build.0 = Release|Any CPU
		{CF7C1BC2-2941-453F-B2B8-61477F0C059C}.Release|x64.ActiveCfg = Release|Any CPU
		{CF7C1BC2-2941-453F-B2B8-61477F0C059C}.Release|x64.Build.0 = Release|Any CPU
		{CF7C1BC2-2941-453F-B2B8-61477F0C059C}.Release|x86.ActiveCfg = Release|Any CPU
		{CF7C1BC2-2941-453F-B2B8-61477F0C059C}.Release|x86.Build.0 = Release|Any CPU
		{81585233-ED54-48FA-B417-02C9C326F316}.Debug|Any CPU.ActiveCfg = Debug|Any CPU
		{81585233-ED54-48FA-B417-02C9C326F316}.Debug|Any CPU.Build.0 = Debug|Any CPU
		{81585233-ED54-48FA-B417-02C9C326F316}.Debug|x64.ActiveCfg = Debug|Any CPU
		{81585233-ED54-48FA-B417-02C9C326F316}.Debug|x64.Build.0 = Debug|Any CPU
		{81585233-ED54-48FA-B417-02C9C326F316}.Debug|x86.ActiveCfg = Debug|Any CPU
		{81585233-ED54-48FA-B417-02C9C326F316}.Debug|x86.Build.0 = Debug|Any CPU
		{81585233-ED54-48FA-B417-02C9C326F316}.Release|Any CPU.ActiveCfg = Release|Any CPU
		{81585233-ED54-48FA-B417-02C9C326F316}.Release|Any CPU.Build.0 = Release|Any CPU
		{81585233-ED54-48FA-B417-02C9C326F316}.Release|x64.ActiveCfg = Release|Any CPU
		{81585233-ED54-48FA-B417-02C9C326F316}.Release|x64.Build.0 = Release|Any CPU
		{81585233-ED54-48FA-B417-02C9C326F316}.Release|x86.ActiveCfg = Release|Any CPU
		{81585233-ED54-48FA-B417-02C9C326F316}.Release|x86.Build.0 = Release|Any CPU
		{BBB0E637-E1B2-4F5E-8DD4-4C95A9BE30FF}.Debug|Any CPU.ActiveCfg = Debug|Any CPU
		{BBB0E637-E1B2-4F5E-8DD4-4C95A9BE30FF}.Debug|Any CPU.Build.0 = Debug|Any CPU
		{BBB0E637-E1B2-4F5E-8DD4-4C95A9BE30FF}.Debug|x64.ActiveCfg = Debug|Any CPU
		{BBB0E637-E1B2-4F5E-8DD4-4C95A9BE30FF}.Debug|x64.Build.0 = Debug|Any CPU
		{BBB0E637-E1B2-4F5E-8DD4-4C95A9BE30FF}.Debug|x86.ActiveCfg = Debug|Any CPU
		{BBB0E637-E1B2-4F5E-8DD4-4C95A9BE30FF}.Debug|x86.Build.0 = Debug|Any CPU
		{BBB0E637-E1B2-4F5E-8DD4-4C95A9BE30FF}.Release|Any CPU.ActiveCfg = Release|Any CPU
		{BBB0E637-E1B2-4F5E-8DD4-4C95A9BE30FF}.Release|Any CPU.Build.0 = Release|Any CPU
		{BBB0E637-E1B2-4F5E-8DD4-4C95A9BE30FF}.Release|x64.ActiveCfg = Release|Any CPU
		{BBB0E637-E1B2-4F5E-8DD4-4C95A9BE30FF}.Release|x64.Build.0 = Release|Any CPU
		{BBB0E637-E1B2-4F5E-8DD4-4C95A9BE30FF}.Release|x86.ActiveCfg = Release|Any CPU
		{BBB0E637-E1B2-4F5E-8DD4-4C95A9BE30FF}.Release|x86.Build.0 = Release|Any CPU
		{19783051-6DA0-479D-B410-444D6BDD9C89}.Debug|Any CPU.ActiveCfg = Debug|Any CPU
		{19783051-6DA0-479D-B410-444D6BDD9C89}.Debug|Any CPU.Build.0 = Debug|Any CPU
		{19783051-6DA0-479D-B410-444D6BDD9C89}.Debug|x64.ActiveCfg = Debug|Any CPU
		{19783051-6DA0-479D-B410-444D6BDD9C89}.Debug|x64.Build.0 = Debug|Any CPU
		{19783051-6DA0-479D-B410-444D6BDD9C89}.Debug|x86.ActiveCfg = Debug|Any CPU
		{19783051-6DA0-479D-B410-444D6BDD9C89}.Debug|x86.Build.0 = Debug|Any CPU
		{19783051-6DA0-479D-B410-444D6BDD9C89}.Release|Any CPU.ActiveCfg = Release|Any CPU
		{19783051-6DA0-479D-B410-444D6BDD9C89}.Release|Any CPU.Build.0 = Release|Any CPU
		{19783051-6DA0-479D-B410-444D6BDD9C89}.Release|x64.ActiveCfg = Release|Any CPU
		{19783051-6DA0-479D-B410-444D6BDD9C89}.Release|x64.Build.0 = Release|Any CPU
		{19783051-6DA0-479D-B410-444D6BDD9C89}.Release|x86.ActiveCfg = Release|Any CPU
		{19783051-6DA0-479D-B410-444D6BDD9C89}.Release|x86.Build.0 = Release|Any CPU
		{E2EA505A-4D3E-4C03-A93B-24CD82A605FD}.Debug|Any CPU.ActiveCfg = Debug|Any CPU
		{E2EA505A-4D3E-4C03-A93B-24CD82A605FD}.Debug|Any CPU.Build.0 = Debug|Any CPU
		{E2EA505A-4D3E-4C03-A93B-24CD82A605FD}.Debug|x64.ActiveCfg = Debug|Any CPU
		{E2EA505A-4D3E-4C03-A93B-24CD82A605FD}.Debug|x64.Build.0 = Debug|Any CPU
		{E2EA505A-4D3E-4C03-A93B-24CD82A605FD}.Debug|x86.ActiveCfg = Debug|Any CPU
		{E2EA505A-4D3E-4C03-A93B-24CD82A605FD}.Debug|x86.Build.0 = Debug|Any CPU
		{E2EA505A-4D3E-4C03-A93B-24CD82A605FD}.Release|Any CPU.ActiveCfg = Release|Any CPU
		{E2EA505A-4D3E-4C03-A93B-24CD82A605FD}.Release|Any CPU.Build.0 = Release|Any CPU
		{E2EA505A-4D3E-4C03-A93B-24CD82A605FD}.Release|x64.ActiveCfg = Release|Any CPU
		{E2EA505A-4D3E-4C03-A93B-24CD82A605FD}.Release|x64.Build.0 = Release|Any CPU
		{E2EA505A-4D3E-4C03-A93B-24CD82A605FD}.Release|x86.ActiveCfg = Release|Any CPU
		{E2EA505A-4D3E-4C03-A93B-24CD82A605FD}.Release|x86.Build.0 = Release|Any CPU
	EndGlobalSection
	GlobalSection(SolutionProperties) = preSolution
		HideSolutionNode = FALSE
	EndGlobalSection
	GlobalSection(NestedProjects) = preSolution
		{0E8FAA1B-53CD-4F41-85BD-271DB60F99A3} = {2F2F53C3-46E6-4F34-A24B-9A83591638B7}
		{6367A7AA-6C5C-43EE-8313-9FA29B766D63} = {2F2F53C3-46E6-4F34-A24B-9A83591638B7}
		{D11C1580-9E88-4723-B759-D32922A741D5} = {2F2F53C3-46E6-4F34-A24B-9A83591638B7}
		{67465F16-E143-4CD7-B6DC-DEA011E33C12} = {2F2F53C3-46E6-4F34-A24B-9A83591638B7}
		{4ABC4763-FF3B-42E5-83ED-1273550EF959} = {2F2F53C3-46E6-4F34-A24B-9A83591638B7}
		{73FA77C0-348A-4D03-8F02-69F0A383EB38} = {2F2F53C3-46E6-4F34-A24B-9A83591638B7}
		{8D74CEDE-2343-47FA-B830-397283C30B4C} = {2F2F53C3-46E6-4F34-A24B-9A83591638B7}
		{7A6E14F7-A5F6-4E66-95FD-5558F4BDE19B} = {2F2F53C3-46E6-4F34-A24B-9A83591638B7}
		{2B4D86AC-D462-40B6-AD04-0CC6730557F1} = {2F2F53C3-46E6-4F34-A24B-9A83591638B7}
		{D60504E1-B85A-420D-9413-146557103FF3} = {2F2F53C3-46E6-4F34-A24B-9A83591638B7}
		{5E865FC9-9424-41A1-B030-DD74C995DAC7} = {2F2F53C3-46E6-4F34-A24B-9A83591638B7}
		{FC74EACF-84E1-4171-AE8B-9E2C509E4C7A} = {2F2F53C3-46E6-4F34-A24B-9A83591638B7}
		{A6B857F3-D6C1-48E2-ACC4-CC0A7DCF908B} = {2F2F53C3-46E6-4F34-A24B-9A83591638B7}
		{8A51D1F3-A742-4F65-94BD-BB031FAA0940} = {2F2F53C3-46E6-4F34-A24B-9A83591638B7}
		{38A66445-3831-4AA5-9460-75D3C69F0DCF} = {2F2F53C3-46E6-4F34-A24B-9A83591638B7}
		{394D40FF-E1E0-473C-86FB-A669933C167E} = {2F2F53C3-46E6-4F34-A24B-9A83591638B7}
		{D731B58D-C433-41E4-AF23-9890588FC678} = {2F2F53C3-46E6-4F34-A24B-9A83591638B7}
		{3536317A-B5B2-4C74-B464-308BB64AF4F1} = {2F2F53C3-46E6-4F34-A24B-9A83591638B7}
		{71D7E62F-719F-4603-9174-0232D027C8DB} = {2F2F53C3-46E6-4F34-A24B-9A83591638B7}
		{8B641254-473A-4249-BB65-55D4D62AC006} = {2F2F53C3-46E6-4F34-A24B-9A83591638B7}
		{CF7C1BC2-2941-453F-B2B8-61477F0C059C} = {2F2F53C3-46E6-4F34-A24B-9A83591638B7}
		{81585233-ED54-48FA-B417-02C9C326F316} = {2F2F53C3-46E6-4F34-A24B-9A83591638B7}
		{BBB0E637-E1B2-4F5E-8DD4-4C95A9BE30FF} = {2F2F53C3-46E6-4F34-A24B-9A83591638B7}
		{19783051-6DA0-479D-B410-444D6BDD9C89} = {2F2F53C3-46E6-4F34-A24B-9A83591638B7}
		{E2EA505A-4D3E-4C03-A93B-24CD82A605FD} = {2F2F53C3-46E6-4F34-A24B-9A83591638B7}
	EndGlobalSection
	GlobalSection(ExtensibilityGlobals) = postSolution
		SolutionGuid = {B7AF88B9-D3AE-4869-934C-7CD18255D189}
	EndGlobalSection
EndGlobal
